lockfileVersion: '9.0'

settings:
  autoInstallPeers: true
  excludeLinksFromLockfile: false

importers:

  .:
    dependencies:
      node-2fa:
        specifier: ^2.0.3
        version: 2.0.3

packages:

  '@types/node@20.1.4':
    resolution: {integrity: sha512-At4pvmIOki8yuwLtd7BNHl3CiWNbtclUbNtScGx4OHfBd4/oWoJC8KRCIxXwkdndzhxOsPXihrsOoydxBjlE9Q==}

  '@types/notp@2.0.2':
    resolution: {integrity: sha512-JUcVYN9Tmw0AjoAfvjslS4hbv39fPBbZdftBK3b50g5z/DmhLsu6cd0UOEBiQuMwy2FirshF2Gk9gAvfWjshMw==}

  node-2fa@2.0.3:
    resolution: {integrity: sha512-PQldrOhjuoZyoydMvMSctllPN1ZPZ1/NwkEcgYwY9faVqE/OymxR+3awPpbWZxm6acLKqvmNqQmdqTsqYyflFw==}

  notp@2.0.3:
    resolution: {integrity: sha512-oBig/2uqkjQ5AkBuw4QJYwkEWa/q+zHxI5/I5z6IeP2NT0alpJFsP/trrfCC+9xOAgQSZXssNi962kp5KBmypQ==}
    engines: {node: '> v0.6.0'}

  thirty-two@1.0.2:
    resolution: {integrity: sha512-OEI0IWCe+Dw46019YLl6V10Us5bi574EvlJEOcAkB29IzQ/mYD1A6RyNHLjZPiHCmuodxvgF6U+vZO1L15lxVA==}
    engines: {node: '>=0.2.6'}

  tslib@2.5.0:
    resolution: {integrity: sha512-336iVw3rtn2BUK7ORdIAHTyxHGRIHVReokCR3XjbckJMK7ms8FysBfhLR8IXnAgy7T0PTPNBWKiH514FOW/WSg==}

snapshots:

  '@types/node@20.1.4': {}

  '@types/notp@2.0.2':
    dependencies:
      '@types/node': 20.1.4

  node-2fa@2.0.3:
    dependencies:
      '@types/notp': 2.0.2
      notp: 2.0.3
      thirty-two: 1.0.2
      tslib: 2.5.0

  notp@2.0.3: {}

  thirty-two@1.0.2: {}

  tslib@2.5.0: {}
